
Microsoft Visual Studio Solution File, Format Version 12.00
# Visual Studio Version 16
VisualStudioVersion = 16.0.30804.86
MinimumVisualStudioVersion = 10.0.40219.1
Project("{FAE04EC0-301F-11D3-BF4B-00C04F79EFBC}") = "selenium test", "selenium test\selenium test.csproj", "{93A26ABE-499B-4F90-A205-7BAFABEBCBDD}"
EndProject
Project("{FAE04EC0-301F-11D3-BF4B-00C04F79EFBC}") = "Consoletest", "Consoletest\Consoletest.csproj", "{EDDA34A2-A1F2-41FC-8542-D72C1CD4220F}"
EndProject
Global
	GlobalSection(SolutionConfigurationPlatforms) = preSolution
		Debug|Any CPU = Debug|Any CPU
		Release|Any CPU = Release|Any CPU
	EndGlobalSection
	GlobalSection(ProjectConfigurationPlatforms) = postSolution
		{93A26ABE-499B-4F90-A205-7BAFABEBCBDD}.Debug|Any CPU.ActiveCfg = Debug|Any CPU
		{93A26ABE-499B-4F90-A205-7BAFABEBCBDD}.Debug|Any CPU.Build.0 = Debug|Any CPU
		{93A26ABE-499B-4F90-A205-7BAFABEBCBDD}.Release|Any CPU.ActiveCfg = Release|Any CPU
		{93A26ABE-499B-4F90-A205-7BAFABEBCBDD}.Release|Any CPU.Build.0 = Release|Any CPU
		{EDDA34A2-A1F2-41FC-8542-D72C1CD4220F}.Debug|Any CPU.ActiveCfg = Debug|Any CPU
		{EDDA34A2-A1F2-41FC-8542-D72C1CD4220F}.Debug|Any CPU.Build.0 = Debug|Any CPU
		{EDDA34A2-A1F2-41FC-8542-D72C1CD4220F}.Release|Any CPU.ActiveCfg = Release|Any CPU
		{EDDA34A2-A1F2-41FC-8542-D72C1CD4220F}.Release|Any CPU.Build.0 = Release|Any CPU
	EndGlobalSection
	GlobalSection(SolutionProperties) = preSolution
		HideSolutionNode = FALSE
	EndGlobalSection
	GlobalSection(ExtensibilityGlobals) = postSolution
		SolutionGuid = {495BD786-A113-4C7F-9767-4A2E11305233}
	EndGlobalSection
EndGlobal
